// !$*UTF8*$!
{
	archiveVersion = 1;
	classes = {
	};
	objectVersion = 50;
	objects = {

/* Begin PBXBuildFile section */
		FCAE1E7126B1BB13001F76FA /* AppDelegate.swift in Sources */ = {isa = PBXBuildFile; fileRef = FCAE1E7026B1BB13001F76FA /* AppDelegate.swift */; };
		FCAE1E7326B1BB13001F76FA /* SceneDelegate.swift in Sources */ = {isa = PBXBuildFile; fileRef = FCAE1E7226B1BB13001F76FA /* SceneDelegate.swift */; };
		FCAE1E7526B1BB13001F76FA /* ViewController.swift in Sources */ = {isa = PBXBuildFile; fileRef = FCAE1E7426B1BB13001F76FA /* ViewController.swift */; };
		FCAE1E7826B1BB13001F76FA /* Main.storyboard in Resources */ = {isa = PBXBuildFile; fileRef = FCAE1E7626B1BB13001F76FA /* Main.storyboard */; };
		FCAE1E7A26B1BB15001F76FA /* Assets.xcassets in Resources */ = {isa = PBXBuildFile; fileRef = FCAE1E7926B1BB15001F76FA /* Assets.xcassets */; };
		FCAE1E7D26B1BB15001F76FA /* LaunchScreen.storyboard in Resources */ = {isa = PBXBuildFile; fileRef = FCAE1E7B26B1BB15001F76FA /* LaunchScreen.storyboard */; };
/* End PBXBuildFile section */

/* Begin PBXFileReference section */
		FCAE1E6D26B1BB13001F76FA /* FollowReadableWidth.app */ = {isa = PBXFileReference; explicitFileType = wrapper.application; includeInIndex = 0; path = FollowReadableWidth.app; sourceTree = BUILT_PRODUCTS_DIR; };
		FCAE1E7026B1BB13001F76FA /* AppDelegate.swift */ = {isa = PBXFileReference; lastKnownFileType = sourcecode.swift; path = AppDelegate.swift; sourceTree = "<group>"; };
		FCAE1E7226B1BB13001F76FA /* SceneDelegate.swift */ = {isa = PBXFileReference; lastKnownFileType = sourcecode.swift; path = SceneDelegate.swift; sourceTree = "<group>"; };
		FCAE1E7426B1BB13001F76FA /* ViewController.swift */ = {isa = PBXFileReference; lastKnownFileType = sourcecode.swift; path = ViewController.swift; sourceTree = "<group>"; };
		FCAE1E7726B1BB13001F76FA /* Base */ = {isa = PBXFileReference; lastKnownFileType = file.storyboard; name = Base; path = Base.lproj/Main.storyboard; sourceTree = "<group>"; };
		FCAE1E7926B1BB15001F76FA /* Assets.xcassets */ = {isa = PBXFileReference; lastKnownFileType = folder.assetcatalog; path = Assets.xcassets; sourceTree = "<group>"; };
		FCAE1E7C26B1BB15001F76FA /* Base */ = {isa = PBXFileReference; lastKnownFileType = file.storyboard; name = Base; path = Base.lproj/LaunchScreen.storyboard; sourceTree = "<group>"; };
		FCAE1E7E26B1BB15001F76FA /* Info.plist */ = {isa = PBXFileReference; lastKnownFileType = text.plist.xml; path = Info.plist; sourceTree = "<group>"; };
/* End PBXFileReference section */

/* Begin PBXFrameworksBuildPhase section */
		FCAE1E6A26B1BB13001F76FA /* Frameworks */ = {
			isa = PBXFrameworksBuildPhase;
			buildActionMask = 2147483647;
			files = (
			);
			runOnlyForDeploymentPostprocessing = 0;
		};
/* End PBXFrameworksBuildPhase section */

/* Begin PBXGroup section */
		FCAE1E6426B1BB13001F76FA = {
			isa = PBXGroup;
			children = (
				FCAE1E6F26B1BB13001F76FA /* FollowReadableWidth */,
				FCAE1E6E26B1BB13001F76FA /* Products */,
			);
			sourceTree = "<group>";
		};
		FCAE1E6E26B1BB13001F76FA /* Products */ = {
			isa = PBXGroup;
			children = (
				FCAE1E6D26B1BB13001F76FA /* FollowReadableWidth.app */,
			);
			name = Products;
			sourceTree = "<group>";
		};
		FCAE1E6F26B1BB13001F76FA /* FollowReadableWidth */ = {
			isa = PBXGroup;
			children = (
				FCAE1E7026B1BB13001F76FA /* AppDelegate.swift */,
				FCAE1E7226B1BB13001F76FA /* SceneDelegate.swift */,
				FCAE1E7426B1BB13001F76FA /* ViewController.swift */,
				FCAE1E7626B1BB13001F76FA /* Main.storyboard */,
				FCAE1E7926B1BB15001F76FA /* Assets.xcassets */,
				FCAE1E7B26B1BB15001F76FA /* LaunchScreen.storyboard */,
				FCAE1E7E26B1BB15001F76FA /* Info.plist */,
			);
			path = FollowReadableWidth;
			sourceTree = "<group>";
		};
/* End PBXGroup section */

/* Begin PBXNativeTarget section */
		FCAE1E6C26B1BB13001F76FA /* FollowReadableWidth */ = {
			isa = PBXNativeTarget;
			buildConfigurationList = FCAE1E8126B1BB15001F76FA /* Build configuration list for PBXNativeTarget "FollowReadableWidth" */;
			buildPhases = (
				FCAE1E6926B1BB13001F76FA /* Sources */,
				FCAE1E6A26B1BB13001F76FA /* Frameworks */,
				FCAE1E6B26B1BB13001F76FA /* Resources */,
			);
			buildRules = (
			);
			dependencies = (
			);
			name = FollowReadableWidth;
			productName = FollowReadableWidth;
			productReference = FCAE1E6D26B1BB13001F76FA /* FollowReadableWidth.app */;
			productType = "com.apple.product-type.application";
		};
/* End PBXNativeTarget section */

/* Begin PBXProject section */
		FCAE1E6526B1BB13001F76FA /* Project object */ = {
			isa = PBXProject;
			attributes = {
				LastSwiftUpdateCheck = 1240;
				LastUpgradeCheck = 1240;
				TargetAttributes = {
					FCAE1E6C26B1BB13001F76FA = {
						CreatedOnToolsVersion = 12.4;
					};
				};
			};
			buildConfigurationList = FCAE1E6826B1BB13001F76FA /* Build configuration list for PBXProject "FollowReadableWidth" */;
			compatibilityVersion = "Xcode 9.3";
			developmentRegion = en;
			hasScannedForEncodings = 0;
			knownRegions = (
				en,
				Base,
			);
			mainGroup = FCAE1E6426B1BB13001F76FA;
			productRefGroup = FCAE1E6E26B1BB13001F76FA /* Products */;
			projectDirPath = "";
			projectRoot = "";
			targets = (
				FCAE1E6C26B1BB13001F76FA /* FollowReadableWidth */,
			);
		};
/* End PBXProject section */

/* Begin PBXResourcesBuildPhase section */
		FCAE1E6B26B1BB13001F76FA /* Resources */ = {
			isa = PBXResourcesBuildPhase;
			buildActionMask = 2147483647;
			files = (
				FCAE1E7D26B1BB15001F76FA /* LaunchScreen.storyboard in Resources */,
				FCAE1E7A26B1BB15001F76FA /* Assets.xcassets in Resources */,
				FCAE1E7826B1BB13001F76FA /* Main.storyboard in Resources */,
			);
			runOnlyForDeploymentPostprocessing = 0;
		};
/* End PBXResourcesBuildPhase section */

/* Begin PBXSourcesBuildPhase section */
		FCAE1E6926B1BB13001F76FA /* Sources */ = {
			isa = PBXSourcesBuildPhase;
			buildActionMask = 2147483647;
			files = (
				FCAE1E7526B1BB13001F76FA /* ViewController.swift in Sources */,
				FCAE1E7126B1BB13001F76FA /* AppDelegate.swift in Sources */,
				FCAE1E7326B1BB13001F76FA /* SceneDelegate.swift in Sources */,
			);
			runOnlyForDeploymentPostprocessing = 0;
		};
/* End PBXSourcesBuildPhase section */

/* Begin PBXVariantGroup section */
		FCAE1E7626B1BB13001F76FA /* Main.storyboard */ = {
			isa = PBXVariantGroup;
			children = (
				FCAE1E7726B1BB13001F76FA /* Base */,
			);
			name = Main.storyboard;
			sourceTree = "<group>";
		};
		FCAE1E7B26B1BB15001F76FA /* LaunchScreen.storyboard */ = {
			isa = PBXVariantGroup;
			children = (
				FCAE1E7C26B1BB15001F76FA /* Base */,
			);
			name = LaunchScreen.storyboard;
			sourceTree = "<group>";
		};
/* End PBXVariantGroup section */

/* Begin XCBuildConfiguration section */
		FCAE1E7F26B1BB15001F76FA /* Debug */ = {
			isa = XCBuildConfiguration;
			buildSettings = {
				ALWAYS_SEARCH_USER_PATHS = NO;
				CLANG_ANALYZER_NONNULL = YES;
				CLANG_ANALYZER_NUMBER_OBJECT_CONVERSION = YES_AGGRESSIVE;
				CLANG_CXX_LANGUAGE_STANDARD = "gnu++14";
				CLANG_CXX_LIBRARY = "libc++";
				CLANG_ENABLE_MODULES = YES;
				CLANG_ENABLE_OBJC_ARC = YES;
				CLANG_ENABLE_OBJC_WEAK = YES;
				CLANG_WARN_BLOCK_CAPTURE_AUTORELEASING = YES;
				CLANG_WARN_BOOL_CONVERSION = YES;
				CLANG_WARN_COMMA = YES;
				CLANG_WARN_CONSTANT_CONVERSION = YES;
				CLANG_WARN_DEPRECATED_OBJC_IMPLEMENTATIONS = YES;
				CLANG_WARN_DIRECT_OBJC_ISA_USAGE = YES_ERROR;
				CLANG_WARN_DOCUMENTATION_COMMENTS = YES;
				CLANG_WARN_EMPTY_BODY = YES;
				CLANG_WARN_ENUM_CONVERSION = YES;
				CLANG_WARN_INFINITE_RECURSION = YES;
				CLANG_WARN_INT_CONVERSION = YES;
				CLANG_WARN_NON_LITERAL_NULL_CONVERSION = YES;
				CLANG_WARN_OBJC_IMPLICIT_RETAIN_SELF = YES;
				CLANG_WARN_OBJC_LITERAL_CONVERSION = YES;
				CLANG_WARN_OBJC_ROOT_CLASS = YES_ERROR;
				CLANG_WARN_QUOTED_INCLUDE_IN_FRAMEWORK_HEADER = YES;
				CLANG_WARN_RANGE_LOOP_ANALYSIS = YES;
				CLANG_WARN_STRICT_PROTOTYPES = YES;
				CLANG_WARN_SUSPICIOUS_MOVE = YES;
				CLANG_WARN_UNGUARDED_AVAILABILITY = YES_AGGRESSIVE;
				CLANG_WARN_UNREACHABLE_CODE = YES;
				CLANG_WARN__DUPLICATE_METHOD_MATCH = YES;
				COPY_PHASE_STRIP = NO;
				DEBUG_INFORMATION_FORMAT = dwarf;
				ENABLE_STRICT_OBJC_MSGSEND = YES;
				ENABLE_TESTABILITY = YES;
				GCC_C_LANGUAGE_STANDARD = gnu11;
				GCC_DYNAMIC_NO_PIC = NO;
				GCC_NO_COMMON_BLOCKS = YES;
				GCC_OPTIMIZATION_LEVEL = 0;
				GCC_PREPROCESSOR_DEFINITIONS = (
					"DEBUG=1",
					"$(inherited)",
				);
				GCC_WARN_64_TO_32_BIT_CONVERSION = YES;
				GCC_WARN_ABOUT_RETURN_TYPE = YES_ERROR;
				GCC_WARN_UNDECLARED_SELECTOR = YES;
				GCC_WARN_UNINITIALIZED_AUTOS = YES_AGGRESSIVE;
				GCC_WARN_UNUSED_FUNCTION = YES;
				GCC_WARN_UNUSED_VARIABLE = YES;
				IPHONEOS_DEPLOYMENT_TARGET = 13.0;
				MTL_ENABLE_DEBUG_INFO = INCLUDE_SOURCE;
				MTL_FAST_MATH = YES;
				ONLY_ACTIVE_ARCH = YES;
				SDKROOT = iphoneos;
				SWIFT_ACTIVE_COMPILATION_CONDITIONS = DEBUG;
				SWIFT_OPTIMIZATION_LEVEL = "-Onone";
			};
			name = Debug;
		};
		FCAE1E8026B1BB15001F76FA /* Release */ = {
			isa = XCBuildConfiguration;
			buildSettings = {
				ALWAYS_SEARCH_USER_PATHS = NO;
				CLANG_ANALYZER_NONNULL = YES;
				CLANG_ANALYZER_NUMBER_OBJECT_CONVERSION = YES_AGGRESSIVE;
				CLANG_CXX_LANGUAGE_STANDARD = "gnu++14";
				CLANG_CXX_LIBRARY = "libc++";
				CLANG_ENABLE_MODULES = YES;
				CLANG_ENABLE_OBJC_ARC = YES;
				CLANG_ENABLE_OBJC_WEAK = YES;
				CLANG_WARN_BLOCK_CAPTURE_AUTORELEASING = YES;
				CLANG_WARN_BOOL_CONVERSION = YES;
				CLANG_WARN_COMMA = YES;
				CLANG_WARN_CONSTANT_CONVERSION = YES;
				CLANG_WARN_DEPRECATED_OBJC_IMPLEMENTATIONS = YES;
				CLANG_WARN_DIRECT_OBJC_ISA_USAGE = YES_ERROR;
				CLANG_WARN_DOCUMENTATION_COMMENTS = YES;
				CLANG_WARN_EMPTY_BODY = YES;
				CLANG_WARN_ENUM_CONVERSION = YES;
				CLANG_WARN_INFINITE_RECURSION = YES;
				CLANG_WARN_INT_CONVERSION = YES;
				CLANG_WARN_NON_LITERAL_NULL_CONVERSION = YES;
				CLANG_WARN_OBJC_IMPLICIT_RETAIN_SELF = YES;
				CLANG_WARN_OBJC_LITERAL_CONVERSION = YES;
				CLANG_WARN_OBJC_ROOT_CLASS = YES_ERROR;
				CLANG_WARN_QUOTED_INCLUDE_IN_FRAMEWORK_HEADER = YES;
				CLANG_WARN_RANGE_LOOP_ANALYSIS = YES;
				CLANG_WARN_STRICT_PROTOTYPES = YES;
				CLANG_WARN_SUSPICIOUS_MOVE = YES;
				CLANG_WARN_UNGUARDED_AVAILABILITY = YES_AGGRESSIVE;
				CLANG_WARN_UNREACHABLE_CODE = YES;
				CLANG_WARN__DUPLICATE_METHOD_MATCH = YES;
				COPY_PHASE_STRIP = NO;
				DEBUG_INFORMATION_FORMAT = "dwarf-with-dsym";
				ENABLE_NS_ASSERTIONS = NO;
				ENABLE_STRICT_OBJC_MSGSEND = YES;
				GCC_C_LANGUAGE_STANDARD = gnu11;
				GCC_NO_COMMON_BLOCKS = YES;
				GCC_WARN_64_TO_32_BIT_CONVERSION = YES;
				GCC_WARN_ABOUT_RETURN_TYPE = YES_ERROR;
				GCC_WARN_UNDECLARED_SELECTOR = YES;
				GCC_WARN_UNINITIALIZED_AUTOS = YES_AGGRESSIVE;
				GCC_WARN_UNUSED_FUNCTION = YES;
				GCC_WARN_UNUSED_VARIABLE = YES;
				IPHONEOS_DEPLOYMENT_TARGET = 13.0;
				MTL_ENABLE_DEBUG_INFO = NO;
				MTL_FAST_MATH = YES;
				SDKROOT = iphoneos;
				SWIFT_COMPILATION_MODE = wholemodule;
				SWIFT_OPTIMIZATION_LEVEL = "-O";
				VALIDATE_PRODUCT = YES;
			};
			name = Release;
		};
		FCAE1E8226B1BB15001F76FA /* Debug */ = {
			isa = XCBuildConfiguration;
			buildSettings = {
				ASSETCATALOG_COMPILER_APPICON_NAME = AppIcon;
				ASSETCATALOG_COMPILER_GLOBAL_ACCENT_COLOR_NAME = AccentColor;
				CODE_SIGN_STYLE = Automatic;
				DEVELOPMENT_TEAM = "";
				INFOPLIST_FILE = FollowReadableWidth/Info.plist;
				LD_RUNPATH_SEARCH_PATHS = (
					"$(inherited)",
					"@executable_path/Frameworks",
				);
				PRODUCT_BUNDLE_IDENTIFIER = com.DonMag.FollowReadableWidth;
				PRODUCT_NAME = "$(TARGET_NAME)";
				SWIFT_VERSION = 5.0;
				TARGETED_DEVICE_FAMILY = "1,2";
			};
			name = Debug;
		};
		FCAE1E8326B1BB15001F76FA /* Release */ = {
			isa = XCBuildConfiguration;
			buildSettings = {
				ASSETCATALOG_COMPILER_APPICON_NAME = AppIcon;
				ASSETCATALOG_COMPILER_GLOBAL_ACCENT_COLOR_NAME = AccentColor;
				CODE_SIGN_STYLE = Automatic;
				DEVELOPMENT_TEAM = "";
				INFOPLIST_FILE = FollowReadableWidth/Info.plist;
				LD_RUNPATH_SEARCH_PATHS = (
					"$(inherited)",
					"@executable_path/Frameworks",
				);
				PRODUCT_BUNDLE_IDENTIFIER = com.DonMag.FollowReadableWidth;
				PRODUCT_NAME = "$(TARGET_NAME)";
				SWIFT_VERSION = 5.0;
				TARGETED_DEVICE_FAMILY = "1,2";
			};
			name = Release;
		};
/* End XCBuildConfiguration section */

/* Begin XCConfigurationList section */
		FCAE1E6826B1BB13001F76FA /* Build configuration list for PBXProject "FollowReadableWidth" */ = {
			isa = XCConfigurationList;
			buildConfigurations = (
				FCAE1E7F26B1BB15001F76FA /* Debug */,
				FCAE1E8026B1BB15001F76FA /* Release */,
			);
			defaultConfigurationIsVisible = 0;
			defaultConfigurationName = Release;
		};
		FCAE1E8126B1BB15001F76FA /* Build configuration list for PBXNativeTarget "FollowReadableWidth" */ = {
			isa = XCConfigurationList;
			buildConfigurations = (
				FCAE1E8226B1BB15001F76FA /* Debug */,
				FCAE1E8326B1BB15001F76FA /* Release */,
			);
			defaultConfigurationIsVisible = 0;
			defaultConfigurationName = Release;
		};
/* End XCConfigurationList section */
	};
	rootObject = FCAE1E6526B1BB13001F76FA /* Project object */;
}
